# This file is autogenerated, do not edit; changes may be undone by the next 'dep ensure'.


[[projects]]
  branch = "master"
  digest = "1:4e3976fde367b4bc3f6274d99d581e115762e8bc28a0f1c2c62bff7e7f2ff2ac"
  name = "github.com/duosecurity/duo_api_golang"
  packages = ["."]
  pruneopts = "UT"
  revision = "6c680f768e746ca8563c19035adfd94a4a4101f1"

[solve-meta]
  analyzer-name = "dep"
  analyzer-version = 1
  input-imports = ["github.com/duosecurity/duo_api_golang"]
  solver-name = "gps-cdcl"
  solver-version = 1
